
Microsoft Visual Studio Solution File, Format Version 12.00
# Visual Studio 15
VisualStudioVersion = 15.0.28307.271
MinimumVisualStudioVersion = 10.0.40219.1
Project("{FAE04EC0-301F-11D3-BF4B-00C04F79EFBC}") = "displayInformation", "displayInformation\displayInformation.csproj", "{23333AF8-B69C-4D11-88E7-D1801F03A487}"
EndProject
Global
	GlobalSection(SolutionConfigurationPlatforms) = preSolution
		Debug|Any CPU = Debug|Any CPU
		Release|Any CPU = Release|Any CPU
	EndGlobalSection
	GlobalSection(ProjectConfigurationPlatforms) = postSolution
		{23333AF8-B69C-4D11-88E7-D1801F03A487}.Debug|Any CPU.ActiveCfg = Debug|Any CPU
		{23333AF8-B69C-4D11-88E7-D1801F03A487}.Debug|Any CPU.Build.0 = Debug|Any CPU
		{23333AF8-B69C-4D11-88E7-D1801F03A487}.Release|Any CPU.ActiveCfg = Release|Any CPU
		{23333AF8-B69C-4D11-88E7-D1801F03A487}.Release|Any CPU.Build.0 = Release|Any CPU
	EndGlobalSection
	GlobalSection(SolutionProperties) = preSolution
		HideSolutionNode = FALSE
	EndGlobalSection
	GlobalSection(ExtensibilityGlobals) = postSolution
		SolutionGuid = {CBC29121-DD46-4819-A518-807FF70ABE70}
	EndGlobalSection
EndGlobal
